// !$*UTF8*$!
{
	archiveVersion = 1;
	classes = {
	};
	objectVersion = 77;
	objects = {

/* Begin PBXBuildFile section */
		47A4A7D52D5126E900AC8D19 /* Entry.swift in Sources */ = {isa = PBXBuildFile; fileRef = 47A4A7D32D5126E900AC8D19 /* Entry.swift */; };
		47A4A7D62D5126E900AC8D19 /* Journal.swift in Sources */ = {isa = PBXBuildFile; fileRef = 47A4A7D42D5126E900AC8D19 /* Journal.swift */; };
/* End PBXBuildFile section */

/* Begin PBXContainerItemProxy section */
		47A4A6D32D4FF85700AC8D19 /* PBXContainerItemProxy */ = {
			isa = PBXContainerItemProxy;
			containerPortal = 47A4A6B32D4FF85600AC8D19 /* Project object */;
			proxyType = 1;
			remoteGlobalIDString = 47A4A6BA2D4FF85600AC8D19;
			remoteInfo = CoreDataJournal;
		};
		47A4A6DD2D4FF85700AC8D19 /* PBXContainerItemProxy */ = {
			isa = PBXContainerItemProxy;
			containerPortal = 47A4A6B32D4FF85600AC8D19 /* Project object */;
			proxyType = 1;
			remoteGlobalIDString = 47A4A6BA2D4FF85600AC8D19;
			remoteInfo = CoreDataJournal;
		};
/* End PBXContainerItemProxy section */

/* Begin PBXFileReference section */
		47A4A6BB2D4FF85600AC8D19 /* CoreDataJournal.app */ = {isa = PBXFileReference; explicitFileType = wrapper.application; includeInIndex = 0; path = CoreDataJournal.app; sourceTree = BUILT_PRODUCTS_DIR; };
		47A4A6D22D4FF85700AC8D19 /* CoreDataJournalTests.xctest */ = {isa = PBXFileReference; explicitFileType = wrapper.cfbundle; includeInIndex = 0; path = CoreDataJournalTests.xctest; sourceTree = BUILT_PRODUCTS_DIR; };
		47A4A6DC2D4FF85700AC8D19 /* CoreDataJournalUITests.xctest */ = {isa = PBXFileReference; explicitFileType = wrapper.cfbundle; includeInIndex = 0; path = CoreDataJournalUITests.xctest; sourceTree = BUILT_PRODUCTS_DIR; };
		47A4A7D32D5126E900AC8D19 /* Entry.swift */ = {isa = PBXFileReference; lastKnownFileType = sourcecode.swift; path = Entry.swift; sourceTree = "<group>"; };
		47A4A7D42D5126E900AC8D19 /* Journal.swift */ = {isa = PBXFileReference; lastKnownFileType = sourcecode.swift; path = Journal.swift; sourceTree = "<group>"; };
/* End PBXFileReference section */

/* Begin PBXFileSystemSynchronizedRootGroup section */
		47A4A6BD2D4FF85600AC8D19 /* CoreDataJournal */ = {
			isa = PBXFileSystemSynchronizedRootGroup;
			path = CoreDataJournal;
			sourceTree = "<group>";
		};
		47A4A6D52D4FF85700AC8D19 /* CoreDataJournalTests */ = {
			isa = PBXFileSystemSynchronizedRootGroup;
			path = CoreDataJournalTests;
			sourceTree = "<group>";
		};
		47A4A6DF2D4FF85700AC8D19 /* CoreDataJournalUITests */ = {
			isa = PBXFileSystemSynchronizedRootGroup;
			path = CoreDataJournalUITests;
			sourceTree = "<group>";
		};
/* End PBXFileSystemSynchronizedRootGroup section */

/* Begin PBXFrameworksBuildPhase section */
		47A4A6B82D4FF85600AC8D19 /* Frameworks */ = {
			isa = PBXFrameworksBuildPhase;
			buildActionMask = 2147483647;
			files = (
			);
			runOnlyForDeploymentPostprocessing = 0;
		};
		47A4A6CF2D4FF85700AC8D19 /* Frameworks */ = {
			isa = PBXFrameworksBuildPhase;
			buildActionMask = 2147483647;
			files = (
			);
			runOnlyForDeploymentPostprocessing = 0;
		};
		47A4A6D92D4FF85700AC8D19 /* Frameworks */ = {
			isa = PBXFrameworksBuildPhase;
			buildActionMask = 2147483647;
			files = (
			);
			runOnlyForDeploymentPostprocessing = 0;
		};
/* End PBXFrameworksBuildPhase section */

/* Begin PBXGroup section */
		47A4A6B22D4FF85600AC8D19 = {
			isa = PBXGroup;
			children = (
				47A4A7D32D5126E900AC8D19 /* Entry.swift */,
				47A4A7D42D5126E900AC8D19 /* Journal.swift */,
				47A4A6BD2D4FF85600AC8D19 /* CoreDataJournal */,
				47A4A6D52D4FF85700AC8D19 /* CoreDataJournalTests */,
				47A4A6DF2D4FF85700AC8D19 /* CoreDataJournalUITests */,
				47A4A6BC2D4FF85600AC8D19 /* Products */,
			);
			sourceTree = "<group>";
		};
		47A4A6BC2D4FF85600AC8D19 /* Products */ = {
			isa = PBXGroup;
			children = (
				47A4A6BB2D4FF85600AC8D19 /* CoreDataJournal.app */,
				47A4A6D22D4FF85700AC8D19 /* CoreDataJournalTests.xctest */,
				47A4A6DC2D4FF85700AC8D19 /* CoreDataJournalUITests.xctest */,
			);
			name = Products;
			sourceTree = "<group>";
		};
/* End PBXGroup section */

/* Begin PBXNativeTarget section */
		47A4A6BA2D4FF85600AC8D19 /* CoreDataJournal */ = {
			isa = PBXNativeTarget;
			buildConfigurationList = 47A4A6E52D4FF85700AC8D19 /* Build configuration list for PBXNativeTarget "CoreDataJournal" */;
			buildPhases = (
				47A4A6B72D4FF85600AC8D19 /* Sources */,
				47A4A6B82D4FF85600AC8D19 /* Frameworks */,
				47A4A6B92D4FF85600AC8D19 /* Resources */,
			);
			buildRules = (
			);
			dependencies = (
			);
			fileSystemSynchronizedGroups = (
				47A4A6BD2D4FF85600AC8D19 /* CoreDataJournal */,
			);
			name = CoreDataJournal;
			packageProductDependencies = (
			);
			productName = CoreDataJournal;
			productReference = 47A4A6BB2D4FF85600AC8D19 /* CoreDataJournal.app */;
			productType = "com.apple.product-type.application";
		};
		47A4A6D12D4FF85700AC8D19 /* CoreDataJournalTests */ = {
			isa = PBXNativeTarget;
			buildConfigurationList = 47A4A6EA2D4FF85700AC8D19 /* Build configuration list for PBXNativeTarget "CoreDataJournalTests" */;
			buildPhases = (
				47A4A6CE2D4FF85700AC8D19 /* Sources */,
				47A4A6CF2D4FF85700AC8D19 /* Frameworks */,
				47A4A6D02D4FF85700AC8D19 /* Resources */,
			);
			buildRules = (
			);
			dependencies = (
				47A4A6D42D4FF85700AC8D19 /* PBXTargetDependency */,
			);
			fileSystemSynchronizedGroups = (
				47A4A6D52D4FF85700AC8D19 /* CoreDataJournalTests */,
			);
			name = CoreDataJournalTests;
			packageProductDependencies = (
			);
			productName = CoreDataJournalTests;
			productReference = 47A4A6D22D4FF85700AC8D19 /* CoreDataJournalTests.xctest */;
			productType = "com.apple.product-type.bundle.unit-test";
		};
		47A4A6DB2D4FF85700AC8D19 /* CoreDataJournalUITests */ = {
			isa = PBXNativeTarget;
			buildConfigurationList = 47A4A6ED2D4FF85700AC8D19 /* Build configuration list for PBXNativeTarget "CoreDataJournalUITests" */;
			buildPhases = (
				47A4A6D82D4FF85700AC8D19 /* Sources */,
				47A4A6D92D4FF85700AC8D19 /* Frameworks */,
				47A4A6DA2D4FF85700AC8D19 /* Resources */,
			);
			buildRules = (
			);
			dependencies = (
				47A4A6DE2D4FF85700AC8D19 /* PBXTargetDependency */,
			);
			fileSystemSynchronizedGroups = (
				47A4A6DF2D4FF85700AC8D19 /* CoreDataJournalUITests */,
			);
			name = CoreDataJournalUITests;
			packageProductDependencies = (
			);
			productName = CoreDataJournalUITests;
			productReference = 47A4A6DC2D4FF85700AC8D19 /* CoreDataJournalUITests.xctest */;
			productType = "com.apple.product-type.bundle.ui-testing";
		};
/* End PBXNativeTarget section */

/* Begin PBXProject section */
		47A4A6B32D4FF85600AC8D19 /* Project object */ = {
			isa = PBXProject;
			attributes = {
				BuildIndependentTargetsInParallel = 1;
				LastSwiftUpdateCheck = 1620;
				LastUpgradeCheck = 1620;
				TargetAttributes = {
					47A4A6BA2D4FF85600AC8D19 = {
						CreatedOnToolsVersion = 16.2;
					};
					47A4A6D12D4FF85700AC8D19 = {
						CreatedOnToolsVersion = 16.2;
						TestTargetID = 47A4A6BA2D4FF85600AC8D19;
					};
					47A4A6DB2D4FF85700AC8D19 = {
						CreatedOnToolsVersion = 16.2;
						TestTargetID = 47A4A6BA2D4FF85600AC8D19;
					};
				};
			};
			buildConfigurationList = 47A4A6B62D4FF85600AC8D19 /* Build configuration list for PBXProject "CoreDataJournal" */;
			developmentRegion = en;
			hasScannedForEncodings = 0;
			knownRegions = (
				en,
				Base,
			);
			mainGroup = 47A4A6B22D4FF85600AC8D19;
			minimizedProjectReferenceProxies = 1;
			preferredProjectObjectVersion = 77;
			productRefGroup = 47A4A6BC2D4FF85600AC8D19 /* Products */;
			projectDirPath = "";
			projectRoot = "";
			targets = (
				47A4A6BA2D4FF85600AC8D19 /* CoreDataJournal */,
				47A4A6D12D4FF85700AC8D19 /* CoreDataJournalTests */,
				47A4A6DB2D4FF85700AC8D19 /* CoreDataJournalUITests */,
			);
		};
/* End PBXProject section */

/* Begin PBXResourcesBuildPhase section */
		47A4A6B92D4FF85600AC8D19 /* Resources */ = {
			isa = PBXResourcesBuildPhase;
			buildActionMask = 2147483647;
			files = (
			);
			runOnlyForDeploymentPostprocessing = 0;
		};
		47A4A6D02D4FF85700AC8D19 /* Resources */ = {
			isa = PBXResourcesBuildPhase;
			buildActionMask = 2147483647;
			files = (
			);
			runOnlyForDeploymentPostprocessing = 0;
		};
		47A4A6DA2D4FF85700AC8D19 /* Resources */ = {
			isa = PBXResourcesBuildPhase;
			buildActionMask = 2147483647;
			files = (
			);
			runOnlyForDeploymentPostprocessing = 0;
		};
/* End PBXResourcesBuildPhase section */

/* Begin PBXSourcesBuildPhase section */
		47A4A6B72D4FF85600AC8D19 /* Sources */ = {
			isa = PBXSourcesBuildPhase;
			buildActionMask = 2147483647;
			files = (
				47A4A7D52D5126E900AC8D19 /* Entry.swift in Sources */,
				47A4A7D62D5126E900AC8D19 /* Journal.swift in Sources */,
			);
			runOnlyForDeploymentPostprocessing = 0;
		};
		47A4A6CE2D4FF85700AC8D19 /* Sources */ = {
			isa = PBXSourcesBuildPhase;
			buildActionMask = 2147483647;
			files = (
			);
			runOnlyForDeploymentPostprocessing = 0;
		};
		47A4A6D82D4FF85700AC8D19 /* Sources */ = {
			isa = PBXSourcesBuildPhase;
			buildActionMask = 2147483647;
			files = (
			);
			runOnlyForDeploymentPostprocessing = 0;
		};
/* End PBXSourcesBuildPhase section */

/* Begin PBXTargetDependency section */
		47A4A6D42D4FF85700AC8D19 /* PBXTargetDependency */ = {
			isa = PBXTargetDependency;
			target = 47A4A6BA2D4FF85600AC8D19 /* CoreDataJournal */;
			targetProxy = 47A4A6D32D4FF85700AC8D19 /* PBXContainerItemProxy */;
		};
		47A4A6DE2D4FF85700AC8D19 /* PBXTargetDependency */ = {
			isa = PBXTargetDependency;
			target = 47A4A6BA2D4FF85600AC8D19 /* CoreDataJournal */;
			targetProxy = 47A4A6DD2D4FF85700AC8D19 /* PBXContainerItemProxy */;
		};
/* End PBXTargetDependency section */

/* Begin XCBuildConfiguration section */
		47A4A6E62D4FF85700AC8D19 /* Debug */ = {
			isa = XCBuildConfiguration;
			buildSettings = {
				ASSETCATALOG_COMPILER_APPICON_NAME = AppIcon;
				ASSETCATALOG_COMPILER_GLOBAL_ACCENT_COLOR_NAME = AccentColor;
				CODE_SIGN_ENTITLEMENTS = CoreDataJournal/CoreDataJournal.entitlements;
				CODE_SIGN_STYLE = Automatic;
				CURRENT_PROJECT_VERSION = 1;
				DEVELOPMENT_ASSET_PATHS = "\"CoreDataJournal/Preview Content\"";
				ENABLE_PREVIEWS = YES;
				GENERATE_INFOPLIST_FILE = YES;
				INFOPLIST_FILE = CoreDataJournal/Info.plist;
				INFOPLIST_KEY_UIApplicationSceneManifest_Generation = YES;
				INFOPLIST_KEY_UIApplicationSupportsIndirectInputEvents = YES;
				INFOPLIST_KEY_UILaunchScreen_Generation = YES;
				INFOPLIST_KEY_UISupportedInterfaceOrientations_iPad = "UIInterfaceOrientationPortrait UIInterfaceOrientationPortraitUpsideDown UIInterfaceOrientationLandscapeLeft UIInterfaceOrientationLandscapeRight";
				INFOPLIST_KEY_UISupportedInterfaceOrientations_iPhone = "UIInterfaceOrientationPortrait UIInterfaceOrientationLandscapeLeft UIInterfaceOrientationLandscapeRight";
				LD_RUNPATH_SEARCH_PATHS = (
					"$(inherited)",
					"@executable_path/Frameworks",
				);
				MARKETING_VERSION = 1.0;
				PRODUCT_BUNDLE_IDENTIFIER = com.kevinbjornberg.CoreDataJournal;
				PRODUCT_NAME = "$(TARGET_NAME)";
				SWIFT_EMIT_LOC_STRINGS = YES;
				SWIFT_VERSION = 5.0;
				TARGETED_DEVICE_FAMILY = "1,2";
			};
			name = Debug;
		};
		47A4A6E72D4FF85700AC8D19 /* Release */ = {
			isa = XCBuildConfiguration;
			buildSettings = {
				ASSETCATALOG_COMPILER_APPICON_NAME = AppIcon;
				ASSETCATALOG_COMPILER_GLOBAL_ACCENT_COLOR_NAME = AccentColor;
				CODE_SIGN_ENTITLEMENTS = CoreDataJournal/CoreDataJournal.entitlements;
				CODE_SIGN_STYLE = Automatic;
				CURRENT_PROJECT_VERSION = 1;
				DEVELOPMENT_ASSET_PATHS = "\"CoreDataJournal/Preview Content\"";
				ENABLE_PREVIEWS = YES;
				GENERATE_INFOPLIST_FILE = YES;
				INFOPLIST_FILE = CoreDataJournal/Info.plist;
				INFOPLIST_KEY_UIApplicationSceneManifest_Generation = YES;
				INFOPLIST_KEY_UIApplicationSupportsIndirectInputEvents = YES;
				INFOPLIST_KEY_UILaunchScreen_Generation = YES;
				INFOPLIST_KEY_UISupportedInterfaceOrientations_iPad = "UIInterfaceOrientationPortrait UIInterfaceOrientationPortraitUpsideDown UIInterfaceOrientationLandscapeLeft UIInterfaceOrientationLandscapeRight";
				INFOPLIST_KEY_UISupportedInterfaceOrientations_iPhone = "UIInterfaceOrientationPortrait UIInterfaceOrientationLandscapeLeft UIInterfaceOrientationLandscapeRight";
				LD_RUNPATH_SEARCH_PATHS = (
					"$(inherited)",
					"@executable_path/Frameworks",
				);
				MARKETING_VERSION = 1.0;
				PRODUCT_BUNDLE_IDENTIFIER = com.kevinbjornberg.CoreDataJournal;
				PRODUCT_NAME = "$(TARGET_NAME)";
				SWIFT_EMIT_LOC_STRINGS = YES;
				SWIFT_VERSION = 5.0;
				TARGETED_DEVICE_FAMILY = "1,2";
			};
			name = Release;
		};
		47A4A6E82D4FF85700AC8D19 /* Debug */ = {
			isa = XCBuildConfiguration;
			buildSettings = {
				ALWAYS_SEARCH_USER_PATHS = NO;
				ASSETCATALOG_COMPILER_GENERATE_SWIFT_ASSET_SYMBOL_EXTENSIONS = YES;
				CLANG_ANALYZER_NONNULL = YES;
				CLANG_ANALYZER_NUMBER_OBJECT_CONVERSION = YES_AGGRESSIVE;
				CLANG_CXX_LANGUAGE_STANDARD = "gnu++20";
				CLANG_ENABLE_MODULES = YES;
				CLANG_ENABLE_OBJC_ARC = YES;
				CLANG_ENABLE_OBJC_WEAK = YES;
				CLANG_WARN_BLOCK_CAPTURE_AUTORELEASING = YES;
				CLANG_WARN_BOOL_CONVERSION = YES;
				CLANG_WARN_COMMA = YES;
				CLANG_WARN_CONSTANT_CONVERSION = YES;
				CLANG_WARN_DEPRECATED_OBJC_IMPLEMENTATIONS = YES;
				CLANG_WARN_DIRECT_OBJC_ISA_USAGE = YES_ERROR;
				CLANG_WARN_DOCUMENTATION_COMMENTS = YES;
				CLANG_WARN_EMPTY_BODY = YES;
				CLANG_WARN_ENUM_CONVERSION = YES;
				CLANG_WARN_INFINITE_RECURSION = YES;
				CLANG_WARN_INT_CONVERSION = YES;
				CLANG_WARN_NON_LITERAL_NULL_CONVERSION = YES;
				CLANG_WARN_OBJC_IMPLICIT_RETAIN_SELF = YES;
				CLANG_WARN_OBJC_LITERAL_CONVERSION = YES;
				CLANG_WARN_OBJC_ROOT_CLASS = YES_ERROR;
				CLANG_WARN_QUOTED_INCLUDE_IN_FRAMEWORK_HEADER = YES;
				CLANG_WARN_RANGE_LOOP_ANALYSIS = YES;
				CLANG_WARN_STRICT_PROTOTYPES = YES;
				CLANG_WARN_SUSPICIOUS_MOVE = YES;
				CLANG_WARN_UNGUARDED_AVAILABILITY = YES_AGGRESSIVE;
				CLANG_WARN_UNREACHABLE_CODE = YES;
				CLANG_WARN__DUPLICATE_METHOD_MATCH = YES;
				COPY_PHASE_STRIP = NO;
				DEBUG_INFORMATION_FORMAT = dwarf;
				ENABLE_STRICT_OBJC_MSGSEND = YES;
				ENABLE_TESTABILITY = YES;
				ENABLE_USER_SCRIPT_SANDBOXING = YES;
				GCC_C_LANGUAGE_STANDARD = gnu17;
				GCC_DYNAMIC_NO_PIC = NO;
				GCC_NO_COMMON_BLOCKS = YES;
				GCC_OPTIMIZATION_LEVEL = 0;
				GCC_PREPROCESSOR_DEFINITIONS = (
					"DEBUG=1",
					"$(inherited)",
				);
				GCC_WARN_64_TO_32_BIT_CONVERSION = YES;
				GCC_WARN_ABOUT_RETURN_TYPE = YES_ERROR;
				GCC_WARN_UNDECLARED_SELECTOR = YES;
				GCC_WARN_UNINITIALIZED_AUTOS = YES_AGGRESSIVE;
				GCC_WARN_UNUSED_FUNCTION = YES;
				GCC_WARN_UNUSED_VARIABLE = YES;
				IPHONEOS_DEPLOYMENT_TARGET = 18.2;
				LOCALIZATION_PREFERS_STRING_CATALOGS = YES;
				MTL_ENABLE_DEBUG_INFO = INCLUDE_SOURCE;
				MTL_FAST_MATH = YES;
				ONLY_ACTIVE_ARCH = YES;
				SDKROOT = iphoneos;
				SWIFT_ACTIVE_COMPILATION_CONDITIONS = "DEBUG $(inherited)";
				SWIFT_OPTIMIZATION_LEVEL = "-Onone";
			};
			name = Debug;
		};
		47A4A6E92D4FF85700AC8D19 /* Release */ = {
			isa = XCBuildConfiguration;
			buildSettings = {
				ALWAYS_SEARCH_USER_PATHS = NO;
				ASSETCATALOG_COMPILER_GENERATE_SWIFT_ASSET_SYMBOL_EXTENSIONS = YES;
				CLANG_ANALYZER_NONNULL = YES;
				CLANG_ANALYZER_NUMBER_OBJECT_CONVERSION = YES_AGGRESSIVE;
				CLANG_CXX_LANGUAGE_STANDARD = "gnu++20";
				CLANG_ENABLE_MODULES = YES;
				CLANG_ENABLE_OBJC_ARC = YES;
				CLANG_ENABLE_OBJC_WEAK = YES;
				CLANG_WARN_BLOCK_CAPTURE_AUTORELEASING = YES;
				CLANG_WARN_BOOL_CONVERSION = YES;
				CLANG_WARN_COMMA = YES;
				CLANG_WARN_CONSTANT_CONVERSION = YES;
				CLANG_WARN_DEPRECATED_OBJC_IMPLEMENTATIONS = YES;
				CLANG_WARN_DIRECT_OBJC_ISA_USAGE = YES_ERROR;
				CLANG_WARN_DOCUMENTATION_COMMENTS = YES;
				CLANG_WARN_EMPTY_BODY = YES;
				CLANG_WARN_ENUM_CONVERSION = YES;
				CLANG_WARN_INFINITE_RECURSION = YES;
				CLANG_WARN_INT_CONVERSION = YES;
				CLANG_WARN_NON_LITERAL_NULL_CONVERSION = YES;
				CLANG_WARN_OBJC_IMPLICIT_RETAIN_SELF = YES;
				CLANG_WARN_OBJC_LITERAL_CONVERSION = YES;
				CLANG_WARN_OBJC_ROOT_CLASS = YES_ERROR;
				CLANG_WARN_QUOTED_INCLUDE_IN_FRAMEWORK_HEADER = YES;
				CLANG_WARN_RANGE_LOOP_ANALYSIS = YES;
				CLANG_WARN_STRICT_PROTOTYPES = YES;
				CLANG_WARN_SUSPICIOUS_MOVE = YES;
				CLANG_WARN_UNGUARDED_AVAILABILITY = YES_AGGRESSIVE;
				CLANG_WARN_UNREACHABLE_CODE = YES;
				CLANG_WARN__DUPLICATE_METHOD_MATCH = YES;
				COPY_PHASE_STRIP = NO;
				DEBUG_INFORMATION_FORMAT = "dwarf-with-dsym";
				ENABLE_NS_ASSERTIONS = NO;
				ENABLE_STRICT_OBJC_MSGSEND = YES;
				ENABLE_USER_SCRIPT_SANDBOXING = YES;
				GCC_C_LANGUAGE_STANDARD = gnu17;
				GCC_NO_COMMON_BLOCKS = YES;
				GCC_WARN_64_TO_32_BIT_CONVERSION = YES;
				GCC_WARN_ABOUT_RETURN_TYPE = YES_ERROR;
				GCC_WARN_UNDECLARED_SELECTOR = YES;
				GCC_WARN_UNINITIALIZED_AUTOS = YES_AGGRESSIVE;
				GCC_WARN_UNUSED_FUNCTION = YES;
				GCC_WARN_UNUSED_VARIABLE = YES;
				IPHONEOS_DEPLOYMENT_TARGET = 18.2;
				LOCALIZATION_PREFERS_STRING_CATALOGS = YES;
				MTL_ENABLE_DEBUG_INFO = NO;
				MTL_FAST_MATH = YES;
				SDKROOT = iphoneos;
				SWIFT_COMPILATION_MODE = wholemodule;
				VALIDATE_PRODUCT = YES;
			};
			name = Release;
		};
		47A4A6EB2D4FF85700AC8D19 /* Debug */ = {
			isa = XCBuildConfiguration;
			buildSettings = {
				BUNDLE_LOADER = "$(TEST_HOST)";
				CODE_SIGN_STYLE = Automatic;
				CURRENT_PROJECT_VERSION = 1;
				GENERATE_INFOPLIST_FILE = YES;
				IPHONEOS_DEPLOYMENT_TARGET = 18.2;
				MARKETING_VERSION = 1.0;
				PRODUCT_BUNDLE_IDENTIFIER = com.kevinbjornberg.CoreDataJournalTests;
				PRODUCT_NAME = "$(TARGET_NAME)";
				SWIFT_EMIT_LOC_STRINGS = NO;
				SWIFT_VERSION = 5.0;
				TARGETED_DEVICE_FAMILY = "1,2";
				TEST_HOST = "$(BUILT_PRODUCTS_DIR)/CoreDataJournal.app/$(BUNDLE_EXECUTABLE_FOLDER_PATH)/CoreDataJournal";
			};
			name = Debug;
		};
		47A4A6EC2D4FF85700AC8D19 /* Release */ = {
			isa = XCBuildConfiguration;
			buildSettings = {
				BUNDLE_LOADER = "$(TEST_HOST)";
				CODE_SIGN_STYLE = Automatic;
				CURRENT_PROJECT_VERSION = 1;
				GENERATE_INFOPLIST_FILE = YES;
				IPHONEOS_DEPLOYMENT_TARGET = 18.2;
				MARKETING_VERSION = 1.0;
				PRODUCT_BUNDLE_IDENTIFIER = com.kevinbjornberg.CoreDataJournalTests;
				PRODUCT_NAME = "$(TARGET_NAME)";
				SWIFT_EMIT_LOC_STRINGS = NO;
				SWIFT_VERSION = 5.0;
				TARGETED_DEVICE_FAMILY = "1,2";
				TEST_HOST = "$(BUILT_PRODUCTS_DIR)/CoreDataJournal.app/$(BUNDLE_EXECUTABLE_FOLDER_PATH)/CoreDataJournal";
			};
			name = Release;
		};
		47A4A6EE2D4FF85700AC8D19 /* Debug */ = {
			isa = XCBuildConfiguration;
			buildSettings = {
				CODE_SIGN_STYLE = Automatic;
				CURRENT_PROJECT_VERSION = 1;
				GENERATE_INFOPLIST_FILE = YES;
				MARKETING_VERSION = 1.0;
				PRODUCT_BUNDLE_IDENTIFIER = com.kevinbjornberg.CoreDataJournalUITests;
				PRODUCT_NAME = "$(TARGET_NAME)";
				SWIFT_EMIT_LOC_STRINGS = NO;
				SWIFT_VERSION = 5.0;
				TARGETED_DEVICE_FAMILY = "1,2";
				TEST_TARGET_NAME = CoreDataJournal;
			};
			name = Debug;
		};
		47A4A6EF2D4FF85700AC8D19 /* Release */ = {
			isa = XCBuildConfiguration;
			buildSettings = {
				CODE_SIGN_STYLE = Automatic;
				CURRENT_PROJECT_VERSION = 1;
				GENERATE_INFOPLIST_FILE = YES;
				MARKETING_VERSION = 1.0;
				PRODUCT_BUNDLE_IDENTIFIER = com.kevinbjornberg.CoreDataJournalUITests;
				PRODUCT_NAME = "$(TARGET_NAME)";
				SWIFT_EMIT_LOC_STRINGS = NO;
				SWIFT_VERSION = 5.0;
				TARGETED_DEVICE_FAMILY = "1,2";
				TEST_TARGET_NAME = CoreDataJournal;
			};
			name = Release;
		};
/* End XCBuildConfiguration section */

/* Begin XCConfigurationList section */
		47A4A6B62D4FF85600AC8D19 /* Build configuration list for PBXProject "CoreDataJournal" */ = {
			isa = XCConfigurationList;
			buildConfigurations = (
				47A4A6E82D4FF85700AC8D19 /* Debug */,
				47A4A6E92D4FF85700AC8D19 /* Release */,
			);
			defaultConfigurationIsVisible = 0;
			defaultConfigurationName = Release;
		};
		47A4A6E52D4FF85700AC8D19 /* Build configuration list for PBXNativeTarget "CoreDataJournal" */ = {
			isa = XCConfigurationList;
			buildConfigurations = (
				47A4A6E62D4FF85700AC8D19 /* Debug */,
				47A4A6E72D4FF85700AC8D19 /* Release */,
			);
			defaultConfigurationIsVisible = 0;
			defaultConfigurationName = Release;
		};
		47A4A6EA2D4FF85700AC8D19 /* Build configuration list for PBXNativeTarget "CoreDataJournalTests" */ = {
			isa = XCConfigurationList;
			buildConfigurations = (
				47A4A6EB2D4FF85700AC8D19 /* Debug */,
				47A4A6EC2D4FF85700AC8D19 /* Release */,
			);
			defaultConfigurationIsVisible = 0;
			defaultConfigurationName = Release;
		};
		47A4A6ED2D4FF85700AC8D19 /* Build configuration list for PBXNativeTarget "CoreDataJournalUITests" */ = {
			isa = XCConfigurationList;
			buildConfigurations = (
				47A4A6EE2D4FF85700AC8D19 /* Debug */,
				47A4A6EF2D4FF85700AC8D19 /* Release */,
			);
			defaultConfigurationIsVisible = 0;
			defaultConfigurationName = Release;
		};
/* End XCConfigurationList section */
	};
	rootObject = 47A4A6B32D4FF85600AC8D19 /* Project object */;
}
